
Microsoft Visual Studio Solution File, Format Version 12.00
# Visual Studio Version 17
VisualStudioVersion = 17.0.31903.59
MinimumVisualStudioVersion = 10.0.40219.1
Project("{FAE04EC0-301F-11D3-BF4B-00C04F79EFBC}") = "MyMaui101", "MyMaui101\MyMaui101.csproj", "{828BE632-1CE2-4541-9DC0-48463274A626}"
EndProject
Global
	GlobalSection(SolutionConfigurationPlatforms) = preSolution
		Debug|Any CPU = Debug|Any CPU
		Release|Any CPU = Release|Any CPU
	EndGlobalSection
	GlobalSection(SolutionProperties) = preSolution
		HideSolutionNode = FALSE
	EndGlobalSection
	GlobalSection(ProjectConfigurationPlatforms) = postSolution
		{828BE632-1CE2-4541-9DC0-48463274A626}.Debug|Any CPU.ActiveCfg = Debug|Any CPU
		{828BE632-1CE2-4541-9DC0-48463274A626}.Debug|Any CPU.Build.0 = Debug|Any CPU
		{828BE632-1CE2-4541-9DC0-48463274A626}.Release|Any CPU.ActiveCfg = Release|Any CPU
		{828BE632-1CE2-4541-9DC0-48463274A626}.Release|Any CPU.Build.0 = Release|Any CPU
	EndGlobalSection
EndGlobal
